Microsoft Visual Studio Solution File, Format Version 12.00
# Visual Studio Version 16
VisualStudioVersion = 16.0.29609.76
MinimumVisualStudioVersion = 10.0.40219.1
Project("{FAE04EC0-301F-11D3-BF4B-00C04F79EFBC}") = "MBlog.Android", "MBlog.Android\MBlog.Android.csproj", "{F2D68EE1-213B-4036-8D88-7A06098B17A4}"
EndProject
Project("{FAE04EC0-301F-11D3-BF4B-00C04F79EFBC}") = "MBlog.iOS", "MBlog.iOS\MBlog.iOS.csproj", "{250AE564-6BD3-4EE1-B8FF-AC04729F97F1}"
EndProject
Project("{9A19103F-16F7-4668-BE54-9A1E7A4F7556}") = "MBlog", "MBlog\MBlog.csproj", "{FEB90049-1705-4A52-AEF1-8A68DC37B915}"
EndProject
Project("{9A19103F-16F7-4668-BE54-9A1E7A4F7556}") = "MBlog.Services", "MBlog.Services\MBlog.Services.csproj", "{F1AC1BB8-2444-48C7-B25A-0F15C44315FD}"
EndProject
Project("{2150E333-8FDC-42A3-9474-1A3956D46DE8}") = "Api", "Api", "{5E00072C-11AD-42E2-B6A7-F85B089F176C}"
EndProject
Project("{9A19103F-16F7-4668-BE54-9A1E7A4F7556}") = "MBlog.Api", "MBlog.Api\MBlog.Api\MBlog.Api.csproj", "{73DDA2FC-C052-4BF4-8587-1BCF9096CE2F}"
EndProject
Project("{9A19103F-16F7-4668-BE54-9A1E7A4F7556}") = "MBlog.Domain", "MBlog.Api\MBlog.Domain\MBlog.Domain.csproj", "{C7F38090-2736-41B1-A45A-0963A65BC335}"
EndProject
Project("{9A19103F-16F7-4668-BE54-9A1E7A4F7556}") = "MBlog.Data", "MBlog.Api\MBlog.Data\MBlog.Data.csproj", "{A0F571CC-8265-43A9-937C-2F5AFA33D795}"
EndProject
Project("{9A19103F-16F7-4668-BE54-9A1E7A4F7556}") = "ConsoleTest", "MBlog.Api\ConsoleTest\ConsoleTest.csproj", "{82758269-4B94-41E5-9D00-345227279755}"
EndProject
Project("{9A19103F-16F7-4668-BE54-9A1E7A4F7556}") = "MBlog.IoC", "MBlog.Api\MBlog.IoC\MBlog.IoC.csproj", "{5079DFD5-DEB6-416B-A9BB-150D0BDEE558}"
EndProject
Project("{2150E333-8FDC-42A3-9474-1A3956D46DE8}") = "MBlog.Tests", "MBlog.Tests", "{51C58C92-9746-47C6-8E19-34F9EB94404F}"
EndProject
Project("{9A19103F-16F7-4668-BE54-9A1E7A4F7556}") = "MBlog.Domain.Test", "MBlog.Tests\MBlog.Domain.Test\MBlog.Domain.Test.csproj", "{E963E944-7776-4FA7-AF9D-786DD54291FB}"
EndProject
Project("{2150E333-8FDC-42A3-9474-1A3956D46DE8}") = "Mobile", "Mobile", "{E54F597D-2C6B-46FC-8B9B-649B39CBCDE5}"
EndProject
Global
	GlobalSection(SolutionConfigurationPlatforms) = preSolution
		Debug|Any CPU = Debug|Any CPU
		Debug|iPhone = Debug|iPhone
		Debug|iPhoneSimulator = Debug|iPhoneSimulator
		Release|Any CPU = Release|Any CPU
		Release|iPhone = Release|iPhone
		Release|iPhoneSimulator = Release|iPhoneSimulator
	EndGlobalSection
	GlobalSection(ProjectConfigurationPlatforms) = postSolution
		{F2D68EE1-213B-4036-8D88-7A06098B17A4}.Debug|Any CPU.ActiveCfg = Debug|Any CPU
		{F2D68EE1-213B-4036-8D88-7A06098B17A4}.Debug|Any CPU.Build.0 = Debug|Any CPU
		{F2D68EE1-213B-4036-8D88-7A06098B17A4}.Debug|Any CPU.Deploy.0 = Debug|Any CPU
		{F2D68EE1-213B-4036-8D88-7A06098B17A4}.Debug|iPhone.ActiveCfg = Debug|Any CPU
		{F2D68EE1-213B-4036-8D88-7A06098B17A4}.Debug|iPhone.Build.0 = Debug|Any CPU
		{F2D68EE1-213B-4036-8D88-7A06098B17A4}.Debug|iPhoneSimulator.ActiveCfg = Debug|Any CPU
		{F2D68EE1-213B-4036-8D88-7A06098B17A4}.Debug|iPhoneSimulator.Build.0 = Debug|Any CPU
		{F2D68EE1-213B-4036-8D88-7A06098B17A4}.Release|Any CPU.ActiveCfg = Release|Any CPU
		{F2D68EE1-213B-4036-8D88-7A06098B17A4}.Release|Any CPU.Build.0 = Release|Any CPU
		{F2D68EE1-213B-4036-8D88-7A06098B17A4}.Release|iPhone.ActiveCfg = Release|Any CPU
		{F2D68EE1-213B-4036-8D88-7A06098B17A4}.Release|iPhone.Build.0 = Release|Any CPU
		{F2D68EE1-213B-4036-8D88-7A06098B17A4}.Release|iPhoneSimulator.ActiveCfg = Release|Any CPU
		{F2D68EE1-213B-4036-8D88-7A06098B17A4}.Release|iPhoneSimulator.Build.0 = Release|Any CPU
		{250AE564-6BD3-4EE1-B8FF-AC04729F97F1}.Debug|Any CPU.ActiveCfg = Debug|iPhoneSimulator
		{250AE564-6BD3-4EE1-B8FF-AC04729F97F1}.Debug|Any CPU.Build.0 = Debug|iPhoneSimulator
		{250AE564-6BD3-4EE1-B8FF-AC04729F97F1}.Debug|iPhone.ActiveCfg = Debug|iPhone
		{250AE564-6BD3-4EE1-B8FF-AC04729F97F1}.Debug|iPhone.Build.0 = Debug|iPhone
		{250AE564-6BD3-4EE1-B8FF-AC04729F97F1}.Debug|iPhoneSimulator.ActiveCfg = Debug|iPhoneSimulator
		{250AE564-6BD3-4EE1-B8FF-AC04729F97F1}.Debug|iPhoneSimulator.Build.0 = Debug|iPhoneSimulator
		{250AE564-6BD3-4EE1-B8FF-AC04729F97F1}.Release|Any CPU.ActiveCfg = Release|iPhoneSimulator
		{250AE564-6BD3-4EE1-B8FF-AC04729F97F1}.Release|Any CPU.Build.0 = Release|iPhoneSimulator
		{250AE564-6BD3-4EE1-B8FF-AC04729F97F1}.Release|iPhone.ActiveCfg = Release|iPhone
		{250AE564-6BD3-4EE1-B8FF-AC04729F97F1}.Release|iPhone.Build.0 = Release|iPhone
		{250AE564-6BD3-4EE1-B8FF-AC04729F97F1}.Release|iPhoneSimulator.ActiveCfg = Release|iPhoneSimulator
		{250AE564-6BD3-4EE1-B8FF-AC04729F97F1}.Release|iPhoneSimulator.Build.0 = Release|iPhoneSimulator
		{FEB90049-1705-4A52-AEF1-8A68DC37B915}.Debug|Any CPU.ActiveCfg = Debug|Any CPU
		{FEB90049-1705-4A52-AEF1-8A68DC37B915}.Debug|Any CPU.Build.0 = Debug|Any CPU
		{FEB90049-1705-4A52-AEF1-8A68DC37B915}.Debug|iPhone.ActiveCfg = Debug|Any CPU
		{FEB90049-1705-4A52-AEF1-8A68DC37B915}.Debug|iPhone.Build.0 = Debug|Any CPU
		{FEB90049-1705-4A52-AEF1-8A68DC37B915}.Debug|iPhoneSimulator.ActiveCfg = Debug|Any CPU
		{FEB90049-1705-4A52-AEF1-8A68DC37B915}.Debug|iPhoneSimulator.Build.0 = Debug|Any CPU
		{FEB90049-1705-4A52-AEF1-8A68DC37B915}.Release|Any CPU.ActiveCfg = Release|Any CPU
		{FEB90049-1705-4A52-AEF1-8A68DC37B915}.Release|Any CPU.Build.0 = Release|Any CPU
		{FEB90049-1705-4A52-AEF1-8A68DC37B915}.Release|iPhone.ActiveCfg = Release|Any CPU
		{FEB90049-1705-4A52-AEF1-8A68DC37B915}.Release|iPhone.Build.0 = Release|Any CPU
		{FEB90049-1705-4A52-AEF1-8A68DC37B915}.Release|iPhoneSimulator.ActiveCfg = Release|Any CPU
		{FEB90049-1705-4A52-AEF1-8A68DC37B915}.Release|iPhoneSimulator.Build.0 = Release|Any CPU
		{F1AC1BB8-2444-48C7-B25A-0F15C44315FD}.Debug|Any CPU.ActiveCfg = Debug|Any CPU
		{F1AC1BB8-2444-48C7-B25A-0F15C44315FD}.Debug|Any CPU.Build.0 = Debug|Any CPU
		{F1AC1BB8-2444-48C7-B25A-0F15C44315FD}.Debug|iPhone.ActiveCfg = Debug|Any CPU
		{F1AC1BB8-2444-48C7-B25A-0F15C44315FD}.Debug|iPhone.Build.0 = Debug|Any CPU
		{F1AC1BB8-2444-48C7-B25A-0F15C44315FD}.Debug|iPhoneSimulator.ActiveCfg = Debug|Any CPU
		{F1AC1BB8-2444-48C7-B25A-0F15C44315FD}.Debug|iPhoneSimulator.Build.0 = Debug|Any CPU
		{F1AC1BB8-2444-48C7-B25A-0F15C44315FD}.Release|Any CPU.ActiveCfg = Release|Any CPU
		{F1AC1BB8-2444-48C7-B25A-0F15C44315FD}.Release|Any CPU.Build.0 = Release|Any CPU
		{F1AC1BB8-2444-48C7-B25A-0F15C44315FD}.Release|iPhone.ActiveCfg = Release|Any CPU
		{F1AC1BB8-2444-48C7-B25A-0F15C44315FD}.Release|iPhone.Build.0 = Release|Any CPU
		{F1AC1BB8-2444-48C7-B25A-0F15C44315FD}.Release|iPhoneSimulator.ActiveCfg = Release|Any CPU
		{F1AC1BB8-2444-48C7-B25A-0F15C44315FD}.Release|iPhoneSimulator.Build.0 = Release|Any CPU
		{73DDA2FC-C052-4BF4-8587-1BCF9096CE2F}.Debug|Any CPU.ActiveCfg = Debug|Any CPU
		{73DDA2FC-C052-4BF4-8587-1BCF9096CE2F}.Debug|Any CPU.Build.0 = Debug|Any CPU
		{73DDA2FC-C052-4BF4-8587-1BCF9096CE2F}.Debug|iPhone.ActiveCfg = Debug|Any CPU
		{73DDA2FC-C052-4BF4-8587-1BCF9096CE2F}.Debug|iPhone.Build.0 = Debug|Any CPU
		{73DDA2FC-C052-4BF4-8587-1BCF9096CE2F}.Debug|iPhoneSimulator.ActiveCfg = Debug|Any CPU
		{73DDA2FC-C052-4BF4-8587-1BCF9096CE2F}.Debug|iPhoneSimulator.Build.0 = Debug|Any CPU
		{73DDA2FC-C052-4BF4-8587-1BCF9096CE2F}.Release|Any CPU.ActiveCfg = Release|Any CPU
		{73DDA2FC-C052-4BF4-8587-1BCF9096CE2F}.Release|Any CPU.Build.0 = Release|Any CPU
		{73DDA2FC-C052-4BF4-8587-1BCF9096CE2F}.Release|iPhone.ActiveCfg = Release|Any CPU
		{73DDA2FC-C052-4BF4-8587-1BCF9096CE2F}.Release|iPhone.Build.0 = Release|Any CPU
		{73DDA2FC-C052-4BF4-8587-1BCF9096CE2F}.Release|iPhoneSimulator.ActiveCfg = Release|Any CPU
		{73DDA2FC-C052-4BF4-8587-1BCF9096CE2F}.Release|iPhoneSimulator.Build.0 = Release|Any CPU
		{C7F38090-2736-41B1-A45A-0963A65BC335}.Debug|Any CPU.ActiveCfg = Debug|Any CPU
		{C7F38090-2736-41B1-A45A-0963A65BC335}.Debug|Any CPU.Build.0 = Debug|Any CPU
		{C7F38090-2736-41B1-A45A-0963A65BC335}.Debug|iPhone.ActiveCfg = Debug|Any CPU
		{C7F38090-2736-41B1-A45A-0963A65BC335}.Debug|iPhone.Build.0 = Debug|Any CPU
		{C7F38090-2736-41B1-A45A-0963A65BC335}.Debug|iPhoneSimulator.ActiveCfg = Debug|Any CPU
		{C7F38090-2736-41B1-A45A-0963A65BC335}.Debug|iPhoneSimulator.Build.0 = Debug|Any CPU
		{C7F38090-2736-41B1-A45A-0963A65BC335}.Release|Any CPU.ActiveCfg = Release|Any CPU
		{C7F38090-2736-41B1-A45A-0963A65BC335}.Release|Any CPU.Build.0 = Release|Any CPU
		{C7F38090-2736-41B1-A45A-0963A65BC335}.Release|iPhone.ActiveCfg = Release|Any CPU
		{C7F38090-2736-41B1-A45A-0963A65BC335}.Release|iPhone.Build.0 = Release|Any CPU
		{C7F38090-2736-41B1-A45A-0963A65BC335}.Release|iPhoneSimulator.ActiveCfg = Release|Any CPU
		{C7F38090-2736-41B1-A45A-0963A65BC335}.Release|iPhoneSimulator.Build.0 = Release|Any CPU
		{A0F571CC-8265-43A9-937C-2F5AFA33D795}.Debug|Any CPU.ActiveCfg = Debug|Any CPU
		{A0F571CC-8265-43A9-937C-2F5AFA33D795}.Debug|Any CPU.Build.0 = Debug|Any CPU
		{A0F571CC-8265-43A9-937C-2F5AFA33D795}.Debug|iPhone.ActiveCfg = Debug|Any CPU
		{A0F571CC-8265-43A9-937C-2F5AFA33D795}.Debug|iPhone.Build.0 = Debug|Any CPU
		{A0F571CC-8265-43A9-937C-2F5AFA33D795}.Debug|iPhoneSimulator.ActiveCfg = Debug|Any CPU
		{A0F571CC-8265-43A9-937C-2F5AFA33D795}.Debug|iPhoneSimulator.Build.0 = Debug|Any CPU
		{A0F571CC-8265-43A9-937C-2F5AFA33D795}.Release|Any CPU.ActiveCfg = Release|Any CPU
		{A0F571CC-8265-43A9-937C-2F5AFA33D795}.Release|Any CPU.Build.0 = Release|Any CPU
		{A0F571CC-8265-43A9-937C-2F5AFA33D795}.Release|iPhone.ActiveCfg = Release|Any CPU
		{A0F571CC-8265-43A9-937C-2F5AFA33D795}.Release|iPhone.Build.0 = Release|Any CPU
		{A0F571CC-8265-43A9-937C-2F5AFA33D795}.Release|iPhoneSimulator.ActiveCfg = Release|Any CPU
		{A0F571CC-8265-43A9-937C-2F5AFA33D795}.Release|iPhoneSimulator.Build.0 = Release|Any CPU
		{82758269-4B94-41E5-9D00-345227279755}.Debug|Any CPU.ActiveCfg = Debug|Any CPU
		{82758269-4B94-41E5-9D00-345227279755}.Debug|Any CPU.Build.0 = Debug|Any CPU
		{82758269-4B94-41E5-9D00-345227279755}.Debug|iPhone.ActiveCfg = Debug|Any CPU
		{82758269-4B94-41E5-9D00-345227279755}.Debug|iPhone.Build.0 = Debug|Any CPU
		{82758269-4B94-41E5-9D00-345227279755}.Debug|iPhoneSimulator.ActiveCfg = Debug|Any CPU
		{82758269-4B94-41E5-9D00-345227279755}.Debug|iPhoneSimulator.Build.0 = Debug|Any CPU
		{82758269-4B94-41E5-9D00-345227279755}.Release|Any CPU.ActiveCfg = Release|Any CPU
		{82758269-4B94-41E5-9D00-345227279755}.Release|Any CPU.Build.0 = Release|Any CPU
		{82758269-4B94-41E5-9D00-345227279755}.Release|iPhone.ActiveCfg = Release|Any CPU
		{82758269-4B94-41E5-9D00-345227279755}.Release|iPhone.Build.0 = Release|Any CPU
		{82758269-4B94-41E5-9D00-345227279755}.Release|iPhoneSimulator.ActiveCfg = Release|Any CPU
		{82758269-4B94-41E5-9D00-345227279755}.Release|iPhoneSimulator.Build.0 = Release|Any CPU
		{5079DFD5-DEB6-416B-A9BB-150D0BDEE558}.Debug|Any CPU.ActiveCfg = Debug|Any CPU
		{5079DFD5-DEB6-416B-A9BB-150D0BDEE558}.Debug|Any CPU.Build.0 = Debug|Any CPU
		{5079DFD5-DEB6-416B-A9BB-150D0BDEE558}.Debug|iPhone.ActiveCfg = Debug|Any CPU
		{5079DFD5-DEB6-416B-A9BB-150D0BDEE558}.Debug|iPhone.Build.0 = Debug|Any CPU
		{5079DFD5-DEB6-416B-A9BB-150D0BDEE558}.Debug|iPhoneSimulator.ActiveCfg = Debug|Any CPU
		{5079DFD5-DEB6-416B-A9BB-150D0BDEE558}.Debug|iPhoneSimulator.Build.0 = Debug|Any CPU
		{5079DFD5-DEB6-416B-A9BB-150D0BDEE558}.Release|Any CPU.ActiveCfg = Release|Any CPU
		{5079DFD5-DEB6-416B-A9BB-150D0BDEE558}.Release|Any CPU.Build.0 = Release|Any CPU
		{5079DFD5-DEB6-416B-A9BB-150D0BDEE558}.Release|iPhone.ActiveCfg = Release|Any CPU
		{5079DFD5-DEB6-416B-A9BB-150D0BDEE558}.Release|iPhone.Build.0 = Release|Any CPU
		{5079DFD5-DEB6-416B-A9BB-150D0BDEE558}.Release|iPhoneSimulator.ActiveCfg = Release|Any CPU
		{5079DFD5-DEB6-416B-A9BB-150D0BDEE558}.Release|iPhoneSimulator.Build.0 = Release|Any CPU
		{E963E944-7776-4FA7-AF9D-786DD54291FB}.Debug|Any CPU.ActiveCfg = Debug|Any CPU
		{E963E944-7776-4FA7-AF9D-786DD54291FB}.Debug|Any CPU.Build.0 = Debug|Any CPU
		{E963E944-7776-4FA7-AF9D-786DD54291FB}.Debug|iPhone.ActiveCfg = Debug|Any CPU
		{E963E944-7776-4FA7-AF9D-786DD54291FB}.Debug|iPhone.Build.0 = Debug|Any CPU
		{E963E944-7776-4FA7-AF9D-786DD54291FB}.Debug|iPhoneSimulator.ActiveCfg = Debug|Any CPU
		{E963E944-7776-4FA7-AF9D-786DD54291FB}.Debug|iPhoneSimulator.Build.0 = Debug|Any CPU
		{E963E944-7776-4FA7-AF9D-786DD54291FB}.Release|Any CPU.ActiveCfg = Release|Any CPU
		{E963E944-7776-4FA7-AF9D-786DD54291FB}.Release|Any CPU.Build.0 = Release|Any CPU
		{E963E944-7776-4FA7-AF9D-786DD54291FB}.Release|iPhone.ActiveCfg = Release|Any CPU
		{E963E944-7776-4FA7-AF9D-786DD54291FB}.Release|iPhone.Build.0 = Release|Any CPU
		{E963E944-7776-4FA7-AF9D-786DD54291FB}.Release|iPhoneSimulator.ActiveCfg = Release|Any CPU
		{E963E944-7776-4FA7-AF9D-786DD54291FB}.Release|iPhoneSimulator.Build.0 = Release|Any CPU
	EndGlobalSection
	GlobalSection(SolutionProperties) = preSolution
		HideSolutionNode = FALSE
	EndGlobalSection
	GlobalSection(NestedProjects) = preSolution
		{F2D68EE1-213B-4036-8D88-7A06098B17A4} = {E54F597D-2C6B-46FC-8B9B-649B39CBCDE5}
		{250AE564-6BD3-4EE1-B8FF-AC04729F97F1} = {E54F597D-2C6B-46FC-8B9B-649B39CBCDE5}
		{FEB90049-1705-4A52-AEF1-8A68DC37B915} = {E54F597D-2C6B-46FC-8B9B-649B39CBCDE5}
		{F1AC1BB8-2444-48C7-B25A-0F15C44315FD} = {E54F597D-2C6B-46FC-8B9B-649B39CBCDE5}
		{73DDA2FC-C052-4BF4-8587-1BCF9096CE2F} = {5E00072C-11AD-42E2-B6A7-F85B089F176C}
		{C7F38090-2736-41B1-A45A-0963A65BC335} = {5E00072C-11AD-42E2-B6A7-F85B089F176C}
		{A0F571CC-8265-43A9-937C-2F5AFA33D795} = {5E00072C-11AD-42E2-B6A7-F85B089F176C}
		{82758269-4B94-41E5-9D00-345227279755} = {5E00072C-11AD-42E2-B6A7-F85B089F176C}
		{5079DFD5-DEB6-416B-A9BB-150D0BDEE558} = {5E00072C-11AD-42E2-B6A7-F85B089F176C}
		{E963E944-7776-4FA7-AF9D-786DD54291FB} = {51C58C92-9746-47C6-8E19-34F9EB94404F}
	EndGlobalSection
	GlobalSection(ExtensibilityGlobals) = postSolution
		SolutionGuid = {C2879F96-A517-4F30-8CBC-532AA3218796}
	EndGlobalSection
EndGlobal
